{
  "name": "three-learn-demo",
  "version": "1.0.0",
  "lockfileVersion": 1,
  "requires": true,
  "dependencies": {
    "@types/three": {
      "version": "0.92.22",
      "resolved": "https://registry.npmjs.org/@types/three/-/three-0.92.22.tgz",
      "integrity": "sha512-VhVfrNUUoVomV4CkTrBl4PrcJs5mxohRPIRtMvt/vvHssmq0b04MRrAiXVQJwYW4O5tZJXMwPiNYwF4GK0dIEA==",
      "requires": {
        "@types/webvr-api": "*"
      }
    },
    "@types/webvr-api": {
      "version": "0.0.35",
      "resolved": "https://registry.npmjs.org/@types/webvr-api/-/webvr-api-0.0.35.tgz",
      "integrity": "sha512-jdpJqweU5v7hYwUlHKQU6wzjQvUfBfmTz4WBwVd/5PVGYalKm6YbEnM/3T+M+QzRYf2R/ojBGnrWpjHBZFR3Og=="
    }
  }
}
